
Microsoft Visual Studio Solution File, Format Version 12.00
# Visual Studio Version 16
VisualStudioVersion = 16.0.30516.212
MinimumVisualStudioVersion = 10.0.40219.1
Project("{9A19103F-16F7-4668-BE54-9A1E7A4F7556}") = "SnippetSyncer", "SnippetSyncer\SnippetSyncer.csproj", "{F69E5E83-67D5-4B4C-A631-3A487634A1E1}"
EndProject
Project("{9A19103F-16F7-4668-BE54-9A1E7A4F7556}") = "SnippetSyncer.Tests", "SnippetSyncer.Tests\SnippetSyncer.Tests.csproj", "{FC5A9876-2586-4727-9E8A-0FA20CF2D8DF}"
EndProject
Project("{FAE04EC0-301F-11D3-BF4B-00C04F79EFBC}") = "SnippetSync", "SnippetSync\SnippetSync.csproj", "{280170C8-E8DD-4467-AC02-8805A663A720}"
EndProject
Global
	GlobalSection(SolutionConfigurationPlatforms) = preSolution
		Debug|Any CPU = Debug|Any CPU
		Release|Any CPU = Release|Any CPU
	EndGlobalSection
	GlobalSection(ProjectConfigurationPlatforms) = postSolution
		{F69E5E83-67D5-4B4C-A631-3A487634A1E1}.Debug|Any CPU.ActiveCfg = Debug|Any CPU
		{F69E5E83-67D5-4B4C-A631-3A487634A1E1}.Debug|Any CPU.Build.0 = Debug|Any CPU
		{F69E5E83-67D5-4B4C-A631-3A487634A1E1}.Release|Any CPU.ActiveCfg = Release|Any CPU
		{F69E5E83-67D5-4B4C-A631-3A487634A1E1}.Release|Any CPU.Build.0 = Release|Any CPU
		{FC5A9876-2586-4727-9E8A-0FA20CF2D8DF}.Debug|Any CPU.ActiveCfg = Debug|Any CPU
		{FC5A9876-2586-4727-9E8A-0FA20CF2D8DF}.Debug|Any CPU.Build.0 = Debug|Any CPU
		{FC5A9876-2586-4727-9E8A-0FA20CF2D8DF}.Release|Any CPU.ActiveCfg = Release|Any CPU
		{FC5A9876-2586-4727-9E8A-0FA20CF2D8DF}.Release|Any CPU.Build.0 = Release|Any CPU
		{280170C8-E8DD-4467-AC02-8805A663A720}.Debug|Any CPU.ActiveCfg = Debug|Any CPU
		{280170C8-E8DD-4467-AC02-8805A663A720}.Debug|Any CPU.Build.0 = Debug|Any CPU
		{280170C8-E8DD-4467-AC02-8805A663A720}.Release|Any CPU.ActiveCfg = Release|Any CPU
		{280170C8-E8DD-4467-AC02-8805A663A720}.Release|Any CPU.Build.0 = Release|Any CPU
	EndGlobalSection
	GlobalSection(SolutionProperties) = preSolution
		HideSolutionNode = FALSE
	EndGlobalSection
	GlobalSection(ExtensibilityGlobals) = postSolution
		SolutionGuid = {4C9478F4-F545-4C94-9295-338410AF7156}
	EndGlobalSection
EndGlobal
