
Microsoft Visual Studio Solution File, Format Version 12.00
# Visual Studio Version 16
VisualStudioVersion = 16.0.30516.212
MinimumVisualStudioVersion = 10.0.40219.1
Project("{FAE04EC0-301F-11D3-BF4B-00C04F79EFBC}") = "SnippetSync", "SnippetSync\SnippetSync.csproj", "{280170C8-E8DD-4467-AC02-8805A663A720}"
EndProject
Project("{FAE04EC0-301F-11D3-BF4B-00C04F79EFBC}") = "SnippetSyncer", "SnippetSyncer\SnippetSyncer.csproj", "{9279FCFB-875A-47B6-B244-7E9E7A0F85C7}"
EndProject
Project("{FAE04EC0-301F-11D3-BF4B-00C04F79EFBC}") = "SnippetSyncer.Tests", "SnippetSyncer.Tests\SnippetSyncer.Tests.csproj", "{6B3962CF-A298-43A0-96DF-44BAA8CA6152}"
EndProject
Global
	GlobalSection(SolutionConfigurationPlatforms) = preSolution
		Debug|Any CPU = Debug|Any CPU
		Release|Any CPU = Release|Any CPU
	EndGlobalSection
	GlobalSection(ProjectConfigurationPlatforms) = postSolution
		{280170C8-E8DD-4467-AC02-8805A663A720}.Debug|Any CPU.ActiveCfg = Debug|Any CPU
		{280170C8-E8DD-4467-AC02-8805A663A720}.Debug|Any CPU.Build.0 = Debug|Any CPU
		{280170C8-E8DD-4467-AC02-8805A663A720}.Release|Any CPU.ActiveCfg = Release|Any CPU
		{280170C8-E8DD-4467-AC02-8805A663A720}.Release|Any CPU.Build.0 = Release|Any CPU
		{9279FCFB-875A-47B6-B244-7E9E7A0F85C7}.Debug|Any CPU.ActiveCfg = Debug|Any CPU
		{9279FCFB-875A-47B6-B244-7E9E7A0F85C7}.Debug|Any CPU.Build.0 = Debug|Any CPU
		{9279FCFB-875A-47B6-B244-7E9E7A0F85C7}.Release|Any CPU.ActiveCfg = Release|Any CPU
		{9279FCFB-875A-47B6-B244-7E9E7A0F85C7}.Release|Any CPU.Build.0 = Release|Any CPU
		{6B3962CF-A298-43A0-96DF-44BAA8CA6152}.Debug|Any CPU.ActiveCfg = Debug|Any CPU
		{6B3962CF-A298-43A0-96DF-44BAA8CA6152}.Debug|Any CPU.Build.0 = Debug|Any CPU
		{6B3962CF-A298-43A0-96DF-44BAA8CA6152}.Release|Any CPU.ActiveCfg = Release|Any CPU
		{6B3962CF-A298-43A0-96DF-44BAA8CA6152}.Release|Any CPU.Build.0 = Release|Any CPU
	EndGlobalSection
	GlobalSection(SolutionProperties) = preSolution
		HideSolutionNode = FALSE
	EndGlobalSection
	GlobalSection(ExtensibilityGlobals) = postSolution
		SolutionGuid = {4C9478F4-F545-4C94-9295-338410AF7156}
	EndGlobalSection
EndGlobal
